# THIS IS AN AUTOGENERATED FILE. DO NOT EDIT THIS FILE DIRECTLY.
# yarn lockfile v1


"@azure/abort-controller@^1.0.0":
  version "1.0.1"
  resolved "https://registry.yarnpkg.com/@azure/abort-controller/-/abort-controller-1.0.1.tgz#8510935b25ac051e58920300e9d7b511ca6e656a"
  integrity sha512-wP2Jw6uPp8DEDy0n4KNidvwzDjyVV2xnycEIq7nPzj1rHyb/r+t3OPeNT1INZePP2wy5ZqlwyuyOMTi0ePyY1A==
  dependencies:
    tslib "^1.9.3"

"@azure/core-asynciterator-polyfill@^1.0.0":
  version "1.0.0"
  resolved "https://registry.yarnpkg.com/@azure/core-asynciterator-polyfill/-/core-asynciterator-polyfill-1.0.0.tgz#dcccebb88406e5c76e0e1d52e8cc4c43a68b3ee7"
  integrity sha512-kmv8CGrPfN9SwMwrkiBK9VTQYxdFQEGe0BmQk+M8io56P9KNzpAxcWE/1fxJj7uouwN4kXF0BHW8DNlgx+wtCg==

"@azure/core-auth@^1.1.2":
  version "1.1.2"
  resolved "https://registry.yarnpkg.com/@azure/core-auth/-/core-auth-1.1.2.tgz#0e47dbe3f799a698d61535f92d1b7ec956c14360"
  integrity sha512-IUbP/f3v96dpHgXUwsAjUwDzjlUjawyUhWhGKKB6Qxy+iqppC/pVBPyc6kdpyTe7H30HN+4H3f0lar7Wp9Hx6A==
  dependencies:
    "@azure/abort-controller" "^1.0.0"
    "@azure/core-tracing" "1.0.0-preview.8"
    "@opentelemetry/api" "^0.6.1"
    tslib "^1.10.0"

"@azure/core-http@^1.0.0", "@azure/core-http@^1.1.0", "@azure/core-http@^1.1.1":
  version "1.1.3"
  resolved "https://registry.yarnpkg.com/@azure/core-http/-/core-http-1.1.3.tgz#8cdff20e3ce65dbe726bfdd46889c30fc2e07c6d"
  integrity sha512-GysW3+BRVV4L9cs3GsuCbnlyibrQU6hh5mcJ7hlnk7tdUBzWybUvJ8/P/nHX49PgwRmi81pD5v1ht2jF0IzxAQ==
  dependencies:
    "@azure/abort-controller" "^1.0.0"
    "@azure/core-auth" "^1.1.2"
    "@azure/core-tracing" "1.0.0-preview.8"
    "@azure/logger" "^1.0.0"
    "@opentelemetry/api" "^0.6.1"
    "@types/node-fetch" "^2.5.0"
    "@types/tunnel" "^0.0.1"
    form-data "^3.0.0"
    node-fetch "^2.6.0"
    process "^0.11.10"
    tough-cookie "^4.0.0"
    tslib "^1.10.0"
    tunnel "^0.0.6"
    uuid "^8.1.0"
    xml2js "^0.4.19"

"@azure/core-lro@^1.0.0":
  version "1.0.2"
  resolved "https://registry.yarnpkg.com/@azure/core-lro/-/core-lro-1.0.2.tgz#b7b51ff7b84910b7eb152a706b0531d020864f31"
  integrity sha512-Yr0JD7GKryOmbcb5wHCQoQ4KCcH5QJWRNorofid+UvudLaxnbCfvKh/cUfQsGUqRjO9L/Bw4X7FP824DcHdMxw==
  dependencies:
    "@azure/abort-controller" "^1.0.0"
    "@azure/core-http" "^1.1.1"
    events "^3.0.0"
    tslib "^1.10.0"

"@azure/core-paging@^1.0.0":
  version "1.1.1"
  resolved "https://registry.yarnpkg.com/@azure/core-paging/-/core-paging-1.1.1.tgz#9639d2d5b6631d481d81040504e0e26c003f47b1"
  integrity sha512-hqEJBEGKan4YdOaL9ZG/GRG6PXaFd/Wb3SSjQW4LWotZzgl6xqG00h6wmkrpd2NNkbBkD1erLHBO3lPHApv+iQ==
  dependencies:
    "@azure/core-asynciterator-polyfill" "^1.0.0"

"@azure/core-tracing@1.0.0-preview.7":
  version "1.0.0-preview.7"
  resolved "https://registry.yarnpkg.com/@azure/core-tracing/-/core-tracing-1.0.0-preview.7.tgz#e9ee9c88f0dcf50d8e5b468fc827203165ecbc3f"
  integrity sha512-pkFCw6OiJrpR+aH1VQe6DYm3fK2KWCC5Jf3m/Pv1RxF08M1Xm08RCyQ5Qe0YyW5L16yYT2nnV48krVhYZ6SGFA==
  dependencies:
    "@opencensus/web-types" "0.0.7"
    "@opentelemetry/types" "^0.2.0"
    tslib "^1.9.3"

"@azure/core-tracing@1.0.0-preview.8":
  version "1.0.0-preview.8"
  resolved "https://registry.yarnpkg.com/@azure/core-tracing/-/core-tracing-1.0.0-preview.8.tgz#1e0ff857e855edb774ffd33476003c27b5bb2705"
  integrity sha512-ZKUpCd7Dlyfn7bdc+/zC/sf0aRIaNQMDuSj2RhYRFe3p70hVAnYGp3TX4cnG2yoEALp/LTj/XnZGQ8Xzf6Ja/Q==
  dependencies:
    "@opencensus/web-types" "0.0.7"
    "@opentelemetry/api" "^0.6.1"
    tslib "^1.10.0"

"@azure/identity@^1.0.3":
  version "1.0.3"
  resolved "https://registry.yarnpkg.com/@azure/identity/-/identity-1.0.3.tgz#834d05b121c39a36e7d6158bd8df8137ba40b9a1"
  integrity sha512-yWoOL3WjbD1sAYHdx4buFCGd9mCIHGzlTHgkhhLrmMpBztsfp9ejo5LRPYIV2Za4otfJzPL4kH/vnSLTS/4WYA==
  dependencies:
    "@azure/core-http" "^1.0.0"
    "@azure/core-tracing" "1.0.0-preview.7"
    "@azure/logger" "^1.0.0"
    "@opentelemetry/types" "^0.2.0"
    events "^3.0.0"
    jws "^3.2.2"
    msal "^1.0.2"
    qs "^6.7.0"
    tslib "^1.9.3"
    uuid "^3.3.2"

"@azure/keyvault-keys@^4.0.4":
  version "4.0.4"
  resolved "https://registry.yarnpkg.com/@azure/keyvault-keys/-/keyvault-keys-4.0.4.tgz#2269c3c746fbbbabe187f09666be92e963e12076"
  integrity sha512-Lt4jj7bAvEEtk0kD0+ASoiygq1Uhv41Rf3XKzvb7gxFAzx4sUBV4DwJubeLlj6puwI+GLTI20qAfMmlPGSQENQ==
  dependencies:
    "@azure/core-http" "^1.1.0"
    "@azure/core-lro" "^1.0.0"
    "@azure/core-paging" "^1.0.0"
    "@azure/core-tracing" "1.0.0-preview.8"
    "@azure/logger" "^1.0.0"
    "@opentelemetry/api" "^0.6.1"
    tslib "^1.9.3"

"@azure/keyvault-secrets@^4.0.4":
  version "4.0.4"
  resolved "https://registry.yarnpkg.com/@azure/keyvault-secrets/-/keyvault-secrets-4.0.4.tgz#0dc880188bbff750fc9cb5d993b9d09b52a80233"
  integrity sha512-yg+/5c9nCvfUAY+QHWwLfAvt2isrbqmNxBqJz+Y18ZzztH97Aj0x5LDoFZYEFbPQgYHb+vckfUgcnvAhWy159g==
  dependencies:
    "@azure/abort-controller" "^1.0.0"
    "@azure/core-http" "^1.1.0"
    "@azure/core-lro" "^1.0.0"
    "@azure/core-paging" "^1.0.0"
    "@azure/core-tracing" "1.0.0-preview.8"
    "@azure/logger" "^1.0.0"
    "@opentelemetry/api" "^0.6.1"
    tslib "^1.9.3"

"@azure/logger@^1.0.0":
  version "1.0.0"
  resolved "https://registry.yarnpkg.com/@azure/logger/-/logger-1.0.0.tgz#48b371dfb34288c8797e5c104f6c4fb45bf1772c"
  integrity sha512-g2qLDgvmhyIxR3JVS8N67CyIOeFRKQlX/llxYJQr1OSGQqM3HTpVP8MjmjcEKbL/OIt2N9C9UFaNQuKOw1laOA==
  dependencies:
    tslib "^1.9.3"

"@opencensus/web-types@0.0.7":
  version "0.0.7"
  resolved "https://registry.yarnpkg.com/@opencensus/web-types/-/web-types-0.0.7.tgz#4426de1fe5aa8f624db395d2152b902874f0570a"
  integrity sha512-xB+w7ZDAu3YBzqH44rCmG9/RlrOmFuDPt/bpf17eJr8eZSrLt7nc7LnWdxM9Mmoj/YKMHpxRg28txu3TcpiL+g==

"@opentelemetry/api@^0.6.1":
  version "0.6.1"
  resolved "https://registry.yarnpkg.com/@opentelemetry/api/-/api-0.6.1.tgz#a00b504801f408230b9ad719716fe91ad888c642"
  integrity sha512-wpufGZa7tTxw7eAsjXJtiyIQ42IWQdX9iUQp7ACJcKo1hCtuhLU+K2Nv1U6oRwT1oAlZTE6m4CgWKZBhOiau3Q==
  dependencies:
    "@opentelemetry/context-base" "^0.6.1"

"@opentelemetry/context-base@^0.6.1":
  version "0.6.1"
  resolved "https://registry.yarnpkg.com/@opentelemetry/context-base/-/context-base-0.6.1.tgz#b260e454ee4f9635ea024fc83be225e397f15363"
  integrity sha512-5bHhlTBBq82ti3qPT15TRxkYTFPPQWbnkkQkmHPtqiS1XcTB69cEKd3Jm7Cfi/vkPoyxapmePE9tyA7EzLt8SQ==

"@opentelemetry/types@^0.2.0":
  version "0.2.0"
  resolved "https://registry.yarnpkg.com/@opentelemetry/types/-/types-0.2.0.tgz#2a0afd40fa7026e39ea56a454642bda72b172f80"
  integrity sha512-GtwNB6BNDdsIPAYEdpp3JnOGO/3AJxjPvny53s3HERBdXSJTGQw8IRhiaTEX0b3w9P8+FwFZde4k+qkjn67aVw==

"@types/node-fetch@^2.5.0":
  version "2.5.7"
  resolved "https://registry.yarnpkg.com/@types/node-fetch/-/node-fetch-2.5.7.tgz#20a2afffa882ab04d44ca786449a276f9f6bbf3c"
  integrity sha512-o2WVNf5UhWRkxlf6eq+jMZDu7kjgpgJfl4xVNlvryc95O/6F2ld8ztKX+qu+Rjyet93WAWm5LjeX9H5FGkODvw==
  dependencies:
    "@types/node" "*"
    form-data "^3.0.0"

"@types/node@*":
  version "14.0.14"
  resolved "https://registry.yarnpkg.com/@types/node/-/node-14.0.14.tgz#24a0b5959f16ac141aeb0c5b3cd7a15b7c64cbce"
  integrity sha512-syUgf67ZQpaJj01/tRTknkMNoBBLWJOBODF0Zm4NrXmiSuxjymFrxnTu1QVYRubhVkRcZLYZG8STTwJRdVm/WQ==

"@types/tunnel@^0.0.1":
  version "0.0.1"
  resolved "https://registry.yarnpkg.com/@types/tunnel/-/tunnel-0.0.1.tgz#0d72774768b73df26f25df9184273a42da72b19c"
  integrity sha512-AOqu6bQu5MSWwYvehMXLukFHnupHrpZ8nvgae5Ggie9UwzDR1CCwoXgSSWNZJuyOlCdfdsWMA5F2LlmvyoTv8A==
  dependencies:
    "@types/node" "*"

asynckit@^0.4.0:
  version "0.4.0"
  resolved "https://registry.yarnpkg.com/asynckit/-/asynckit-0.4.0.tgz#c79ed97f7f34cb8f2ba1bc9790bcc366474b4b79"
  integrity sha1-x57Zf380y48robyXkLzDZkdLS3k=

buffer-equal-constant-time@1.0.1:
  version "1.0.1"
  resolved "https://registry.yarnpkg.com/buffer-equal-constant-time/-/buffer-equal-constant-time-1.0.1.tgz#f8e71132f7ffe6e01a5c9697a4c6f3e48d5cc819"
  integrity sha1-+OcRMvf/5uAaXJaXpMbz5I1cyBk=

combined-stream@^1.0.8:
  version "1.0.8"
  resolved "https://registry.yarnpkg.com/combined-stream/-/combined-stream-1.0.8.tgz#c3d45a8b34fd730631a110a8a2520682b31d5a7f"
  integrity sha512-FQN4MRfuJeHf7cBbBMJFXhKSDq+2kAArBlmRBvcvFE5BB1HZKXtSFASDhdlz9zOYwxh8lDdnvmMOe/+5cdoEdg==
  dependencies:
    delayed-stream "~1.0.0"

delayed-stream@~1.0.0:
  version "1.0.0"
  resolved "https://registry.yarnpkg.com/delayed-stream/-/delayed-stream-1.0.0.tgz#df3ae199acadfb7d440aaae0b29e2272b24ec619"
  integrity sha1-3zrhmayt+31ECqrgsp4icrJOxhk=

dotenv@^8.2.0:
  version "8.2.0"
  resolved "https://registry.yarnpkg.com/dotenv/-/dotenv-8.2.0.tgz#97e619259ada750eea3e4ea3e26bceea5424b16a"
  integrity sha512-8sJ78ElpbDJBHNeBzUbUVLsqKdccaa/BXF1uPTw3GrvQTBgrQrtObr2mUrE38vzYd8cEv+m/JBfDLioYcfXoaw==

ecdsa-sig-formatter@1.0.11:
  version "1.0.11"
  resolved "https://registry.yarnpkg.com/ecdsa-sig-formatter/-/ecdsa-sig-formatter-1.0.11.tgz#ae0f0fa2d85045ef14a817daa3ce9acd0489e5bf"
  integrity sha512-nagl3RYrbNv6kQkeJIpt6NJZy8twLB/2vtz6yN9Z4vRKHN4/QZJIEbqohALSgwKdnksuY3k5Addp5lg8sVoVcQ==
  dependencies:
    safe-buffer "^5.0.1"

events@^3.0.0:
  version "3.1.0"
  resolved "https://registry.yarnpkg.com/events/-/events-3.1.0.tgz#84279af1b34cb75aa88bf5ff291f6d0bd9b31a59"
  integrity sha512-Rv+u8MLHNOdMjTAFeT3nCjHn2aGlx435FP/sDHNaRhDEMwyI/aB22Kj2qIN8R0cw3z28psEQLYwxVKLsKrMgWg==

form-data@^3.0.0:
  version "3.0.0"
  resolved "https://registry.yarnpkg.com/form-data/-/form-data-3.0.0.tgz#31b7e39c85f1355b7139ee0c647cf0de7f83c682"
  integrity sha512-CKMFDglpbMi6PyN+brwB9Q/GOw0eAnsrEZDgcsH5Krhz5Od/haKHAX0NmQfha2zPPz0JpWzA7GJHGSnvCRLWsg==
  dependencies:
    asynckit "^0.4.0"
    combined-stream "^1.0.8"
    mime-types "^2.1.12"

jwa@^1.4.1:
  version "1.4.1"
  resolved "https://registry.yarnpkg.com/jwa/-/jwa-1.4.1.tgz#743c32985cb9e98655530d53641b66c8645b039a"
  integrity sha512-qiLX/xhEEFKUAJ6FiBMbes3w9ATzyk5W7Hvzpa/SLYdxNtng+gcurvrI7TbACjIXlsJyr05/S1oUhZrc63evQA==
  dependencies:
    buffer-equal-constant-time "1.0.1"
    ecdsa-sig-formatter "1.0.11"
    safe-buffer "^5.0.1"

jws@^3.2.2:
  version "3.2.2"
  resolved "https://registry.yarnpkg.com/jws/-/jws-3.2.2.tgz#001099f3639468c9414000e99995fa52fb478304"
  integrity sha512-YHlZCB6lMTllWDtSPHz/ZXTsi8S00usEV6v1tjq8tOUZzw7DpSDWVXjXDre6ed1w/pd495ODpHZYSdkRTsa0HA==
  dependencies:
    jwa "^1.4.1"
    safe-buffer "^5.0.1"

mime-db@1.44.0:
  version "1.44.0"
  resolved "https://registry.yarnpkg.com/mime-db/-/mime-db-1.44.0.tgz#fa11c5eb0aca1334b4233cb4d52f10c5a6272f92"
  integrity sha512-/NOTfLrsPBVeH7YtFPgsVWveuL+4SjjYxaQ1xtM1KMFj7HdxlBlxeyNLzhyJVx7r4rZGJAZ/6lkKCitSc/Nmpg==

mime-types@^2.1.12:
  version "2.1.27"
  resolved "https://registry.yarnpkg.com/mime-types/-/mime-types-2.1.27.tgz#47949f98e279ea53119f5722e0f34e529bec009f"
  integrity sha512-JIhqnCasI9yD+SsmkquHBxTSEuZdQX5BuQnS2Vc7puQQQ+8yiP5AY5uWhpdv4YL4VM5c6iliiYWPgJ/nJQLp7w==
  dependencies:
    mime-db "1.44.0"

msal@^1.0.2:
  version "1.3.2"
  resolved "https://registry.yarnpkg.com/msal/-/msal-1.3.2.tgz#b8cf90d809c9dbaf961f37df661774513820b39c"
  integrity sha512-vhcpM/ELL+UI7i4HzCegcbSfPMLqf3kp8mAT840bK1ZaDcb7Z1mOJik1jg202V0yfnh/bBPxZhQP6xFgD9g5eA==
  dependencies:
    tslib "^1.9.3"

node-fetch@^2.6.0:
  version "2.6.0"
  resolved "https://registry.yarnpkg.com/node-fetch/-/node-fetch-2.6.0.tgz#e633456386d4aa55863f676a7ab0daa8fdecb0fd"
  integrity sha512-8dG4H5ujfvFiqDmVu9fQ5bOHUC15JMjMY/Zumv26oOvvVJjM67KF8koCWIabKQ1GJIa9r2mMZscBq/TbdOcmNA==

process@^0.11.10:
  version "0.11.10"
  resolved "https://registry.yarnpkg.com/process/-/process-0.11.10.tgz#7332300e840161bda3e69a1d1d91a7d4bc16f182"
  integrity sha1-czIwDoQBYb2j5podHZGn1LwW8YI=

psl@^1.1.33:
  version "1.8.0"
  resolved "https://registry.yarnpkg.com/psl/-/psl-1.8.0.tgz#9326f8bcfb013adcc005fdff056acce020e51c24"
  integrity sha512-RIdOzyoavK+hA18OGGWDqUTsCLhtA7IcZ/6NCs4fFJaHBDab+pDDmDIByWFRQJq2Cd7r1OoQxBGKOaztq+hjIQ==

punycode@^2.1.1:
  version "2.1.1"
  resolved "https://registry.yarnpkg.com/punycode/-/punycode-2.1.1.tgz#b58b010ac40c22c5657616c8d2c2c02c7bf479ec"
  integrity sha512-XRsRjdf+j5ml+y/6GKHPZbrF/8p2Yga0JPtdqTIY2Xe5ohJPD9saDJJLPvp9+NSBprVvevdXZybnj2cv8OEd0A==

qs@^6.7.0:
  version "6.9.4"
  resolved "https://registry.yarnpkg.com/qs/-/qs-6.9.4.tgz#9090b290d1f91728d3c22e54843ca44aea5ab687"
  integrity sha512-A1kFqHekCTM7cz0udomYUoYNWjBebHm/5wzU/XqrBRBNWectVH0QIiN+NEcZ0Dte5hvzHwbr8+XQmguPhJ6WdQ==

safe-buffer@^5.0.1:
  version "5.2.1"
  resolved "https://registry.yarnpkg.com/safe-buffer/-/safe-buffer-5.2.1.tgz#1eaf9fa9bdb1fdd4ec75f58f9cdb4e6b7827eec6"
  integrity sha512-rp3So07KcdmmKbGvgaNxQSJr7bGVSVk5S9Eq1F+ppbRo70+YeaDxkw5Dd8NPN+GD6bjnYm2VuPuCXmpuYvmCXQ==

sax@>=0.6.0:
  version "1.2.4"
  resolved "https://registry.yarnpkg.com/sax/-/sax-1.2.4.tgz#2816234e2378bddc4e5354fab5caa895df7100d9"
  integrity sha512-NqVDv9TpANUjFm0N8uM5GxL36UgKi9/atZw+x7YFnQ8ckwFGKrl4xX4yWtrey3UJm5nP1kUbnYgLopqWNSRhWw==

tough-cookie@^4.0.0:
  version "4.0.0"
  resolved "https://registry.yarnpkg.com/tough-cookie/-/tough-cookie-4.0.0.tgz#d822234eeca882f991f0f908824ad2622ddbece4"
  integrity sha512-tHdtEpQCMrc1YLrMaqXXcj6AxhYi/xgit6mZu1+EDWUn+qhUf8wMQoFIy9NXuq23zAwtcB0t/MjACGR18pcRbg==
  dependencies:
    psl "^1.1.33"
    punycode "^2.1.1"
    universalify "^0.1.2"

tslib@^1.10.0, tslib@^1.9.3:
  version "1.13.0"
  resolved "https://registry.yarnpkg.com/tslib/-/tslib-1.13.0.tgz#c881e13cc7015894ed914862d276436fa9a47043"
  integrity sha512-i/6DQjL8Xf3be4K/E6Wgpekn5Qasl1usyw++dAA35Ue5orEn65VIxOA+YvNNl9HV3qv70T7CNwjODHZrLwvd1Q==

tunnel@^0.0.6:
  version "0.0.6"
  resolved "https://registry.yarnpkg.com/tunnel/-/tunnel-0.0.6.tgz#72f1314b34a5b192db012324df2cc587ca47f92c"
  integrity sha512-1h/Lnq9yajKY2PEbBadPXj3VxsDDu844OnaAo52UVmIzIvwwtBPIuNvkjuzBlTWpfJyUbG3ez0KSBibQkj4ojg==

universalify@^0.1.2:
  version "0.1.2"
  resolved "https://registry.yarnpkg.com/universalify/-/universalify-0.1.2.tgz#b646f69be3942dabcecc9d6639c80dc105efaa66"
  integrity sha512-rBJeI5CXAlmy1pV+617WB9J63U6XcazHHF2f2dbJix4XzpUF0RS3Zbj0FGIOCAva5P/d/GBOYaACQ1w+0azUkg==

uuid@^3.3.2:
  version "3.4.0"
  resolved "https://registry.yarnpkg.com/uuid/-/uuid-3.4.0.tgz#b23e4358afa8a202fe7a100af1f5f883f02007ee"
  integrity sha512-HjSDRw6gZE5JMggctHBcjVak08+KEVhSIiDzFnT9S9aegmp85S/bReBVTb4QTFaRNptJ9kuYaNhnbNEOkbKb/A==

uuid@^8.1.0:
  version "8.2.0"
  resolved "https://registry.yarnpkg.com/uuid/-/uuid-8.2.0.tgz#cb10dd6b118e2dada7d0cd9730ba7417c93d920e"
  integrity sha512-CYpGiFTUrmI6OBMkAdjSDM0k5h8SkkiTP4WAjQgDgNB1S3Ou9VBEvr6q0Kv2H1mMk7IWfxYGpMH5sd5AvcIV2Q==

xml2js@^0.4.19:
  version "0.4.23"
  resolved "https://registry.yarnpkg.com/xml2js/-/xml2js-0.4.23.tgz#a0c69516752421eb2ac758ee4d4ccf58843eac66"
  integrity sha512-ySPiMjM0+pLDftHgXY4By0uswI3SPKLDw/i3UXbnO8M/p28zqexCUoPmQFrYD+/1BzhGJSs2i1ERWKJAtiLrug==
  dependencies:
    sax ">=0.6.0"
    xmlbuilder "~11.0.0"

xmlbuilder@~11.0.0:
  version "11.0.1"
  resolved "https://registry.yarnpkg.com/xmlbuilder/-/xmlbuilder-11.0.1.tgz#be9bae1c8a046e76b31127726347d0ad7002beb3"
  integrity sha512-fDlsI/kFEx7gLvbecc0/ohLG50fugQp8ryHzMTuW9vSa1GJ0XYWKnhsUx7oie3G98+r56aTQIUB4kht42R3JvA==
